
Microsoft Visual Studio Solution File, Format Version 12.00
# Visual Studio Version 17
VisualStudioVersion = 17.11.35312.102
MinimumVisualStudioVersion = 10.0.40219.1
Project("{FAE04EC0-301F-11D3-BF4B-00C04F79EFBC}") = "NLPC_EPS_server.DAL", "NLPC_EPS_server.DAL\NLPC_EPS_server.DAL.csproj", "{5A28048D-F706-426D-8B23-FB9FE57E409F}"
EndProject
Project("{FAE04EC0-301F-11D3-BF4B-00C04F79EFBC}") = "NLPC_EPS_server.Application", "NLPC_EPS_server.Application\NLPC_EPS_server.Application.csproj", "{07E61B58-69E4-4816-9BE6-882D68794164}"
EndProject
Project("{FAE04EC0-301F-11D3-BF4B-00C04F79EFBC}") = "NLPC_EPS_server.Persistence", "NLPC_EPS_server.Persistence\NLPC_EPS_server.Persistence.csproj", "{6CB1143A-F811-4246-B719-AFE48178DC5E}"
EndProject
Project("{FAE04EC0-301F-11D3-BF4B-00C04F79EFBC}") = "NLPC_EPS_server.Infrastructure", "NLPC_EPS_server.Infrastructure\NLPC_EPS_server.Infrastructure.csproj", "{90389663-659B-45DC-AA79-2D59FB80E1B6}"
EndProject
Global
	GlobalSection(SolutionConfigurationPlatforms) = preSolution
		Debug|Any CPU = Debug|Any CPU
		Release|Any CPU = Release|Any CPU
	EndGlobalSection
	GlobalSection(ProjectConfigurationPlatforms) = postSolution
		{5A28048D-F706-426D-8B23-FB9FE57E409F}.Debug|Any CPU.ActiveCfg = Debug|Any CPU
		{5A28048D-F706-426D-8B23-FB9FE57E409F}.Debug|Any CPU.Build.0 = Debug|Any CPU
		{5A28048D-F706-426D-8B23-FB9FE57E409F}.Release|Any CPU.ActiveCfg = Release|Any CPU
		{5A28048D-F706-426D-8B23-FB9FE57E409F}.Release|Any CPU.Build.0 = Release|Any CPU
		{07E61B58-69E4-4816-9BE6-882D68794164}.Debug|Any CPU.ActiveCfg = Debug|Any CPU
		{07E61B58-69E4-4816-9BE6-882D68794164}.Debug|Any CPU.Build.0 = Debug|Any CPU
		{07E61B58-69E4-4816-9BE6-882D68794164}.Release|Any CPU.ActiveCfg = Release|Any CPU
		{07E61B58-69E4-4816-9BE6-882D68794164}.Release|Any CPU.Build.0 = Release|Any CPU
		{6CB1143A-F811-4246-B719-AFE48178DC5E}.Debug|Any CPU.ActiveCfg = Debug|Any CPU
		{6CB1143A-F811-4246-B719-AFE48178DC5E}.Debug|Any CPU.Build.0 = Debug|Any CPU
		{6CB1143A-F811-4246-B719-AFE48178DC5E}.Release|Any CPU.ActiveCfg = Release|Any CPU
		{6CB1143A-F811-4246-B719-AFE48178DC5E}.Release|Any CPU.Build.0 = Release|Any CPU
		{90389663-659B-45DC-AA79-2D59FB80E1B6}.Debug|Any CPU.ActiveCfg = Debug|Any CPU
		{90389663-659B-45DC-AA79-2D59FB80E1B6}.Debug|Any CPU.Build.0 = Debug|Any CPU
		{90389663-659B-45DC-AA79-2D59FB80E1B6}.Release|Any CPU.ActiveCfg = Release|Any CPU
		{90389663-659B-45DC-AA79-2D59FB80E1B6}.Release|Any CPU.Build.0 = Release|Any CPU
	EndGlobalSection
	GlobalSection(SolutionProperties) = preSolution
		HideSolutionNode = FALSE
	EndGlobalSection
	GlobalSection(ExtensibilityGlobals) = postSolution
		SolutionGuid = {3F4E58BB-EBB6-42DF-82A8-9C84DF89B028}
	EndGlobalSection
EndGlobal
